
Microsoft Visual Studio Solution File, Format Version 12.00
# Visual Studio Version 16
VisualStudioVersion = 16.0.29318.209
MinimumVisualStudioVersion = 10.0.40219.1
Project("{FAE04EC0-301F-11D3-BF4B-00C04F79EFBC}") = "QuickDeskTool", "QuickDeskTool\QuickDeskTool.csproj", "{1CD70411-4E87-46D3-A1A4-8E3698A81107}"
EndProject
Global
	GlobalSection(SolutionConfigurationPlatforms) = preSolution
		Debug|Any CPU = Debug|Any CPU
		Debug|x64 = Debug|x64
		Release|Any CPU = Release|Any CPU
		Release|x64 = Release|x64
	EndGlobalSection
	GlobalSection(ProjectConfigurationPlatforms) = postSolution
		{1CD70411-4E87-46D3-A1A4-8E3698A81107}.Debug|Any CPU.ActiveCfg = Debug|Any CPU
		{1CD70411-4E87-46D3-A1A4-8E3698A81107}.Debug|Any CPU.Build.0 = Debug|Any CPU
		{1CD70411-4E87-46D3-A1A4-8E3698A81107}.Debug|x64.ActiveCfg = Debug|x64
		{1CD70411-4E87-46D3-A1A4-8E3698A81107}.Debug|x64.Build.0 = Debug|x64
		{1CD70411-4E87-46D3-A1A4-8E3698A81107}.Release|Any CPU.ActiveCfg = Release|Any CPU
		{1CD70411-4E87-46D3-A1A4-8E3698A81107}.Release|Any CPU.Build.0 = Release|Any CPU
		{1CD70411-4E87-46D3-A1A4-8E3698A81107}.Release|x64.ActiveCfg = Release|x64
		{1CD70411-4E87-46D3-A1A4-8E3698A81107}.Release|x64.Build.0 = Release|x64
	EndGlobalSection
	GlobalSection(SolutionProperties) = preSolution
		HideSolutionNode = FALSE
	EndGlobalSection
	GlobalSection(ExtensibilityGlobals) = postSolution
		SolutionGuid = {848DFD75-EF15-44AD-A78B-C911E92F886D}
	EndGlobalSection
EndGlobal
